{
  "version": 4,
  "terraform_version": "0.12.16",
  "serial": 21,
  "lineage": "652a64cd-40cc-5be3-ff1d-89926f946aff",
  "outputs": {},
  "resources": [
    {
      "mode": "managed",
      "type": "aws_athena_database",
      "name": "reporting",
      "provider": "provider.aws",
      "instances": [
        {
          "schema_version": 0,
          "attributes": {
            "bucket": "mlc-scheduled-processor-dev",
            "encryption_configuration": [],
            "force_destroy": false,
            "id": "mlc_scheduled_processor_dev",
            "name": "mlc_scheduled_processor_dev"
          },
          "private": "bnVsbA==",
          "dependencies": [
            "aws_s3_bucket.reporting-bucket"
          ]
        }
      ]
    },
    {
      "mode": "managed",
      "type": "aws_cloudwatch_log_group",
      "name": "cron-extract",
      "provider": "provider.aws",
      "instances": [
        {
          "schema_version": 0,
          "attributes": {
            "arn": "arn:aws:logs:ap-southeast-2:876222238198:log-group:/aws/lambda/mlc-scheduled-processor-dev-lambda-cron-extract:*",
            "id": "/aws/lambda/mlc-scheduled-processor-dev-lambda-cron-extract",
            "kms_key_id": "",
            "name": "/aws/lambda/mlc-scheduled-processor-dev-lambda-cron-extract",
            "name_prefix": null,
            "retention_in_days": 7,
            "tags": null
          },
          "private": "bnVsbA=="
        }
      ]
    },
    {
      "mode": "managed",
      "type": "aws_glue_catalog_table",
      "name": "status-table",
      "provider": "provider.aws",
      "instances": [
        {
          "schema_version": 0,
          "attributes": {
            "catalog_id": "876222238198",
            "database_name": "mlc_scheduled_processor_dev",
            "description": "Scheduled Processing - Status Report Data",
            "id": "876222238198:mlc_scheduled_processor_dev:status",
            "name": "status",
            "owner": "",
            "parameters": {
              "EXTERNAL": "TRUE"
            },
            "partition_keys": [],
            "retention": 0,
            "storage_descriptor": [
              {
                "bucket_columns": [],
                "columns": [
                  {
                    "comment": "",
                    "name": "policy_no",
                    "type": "string"
                  },
                  {
                    "comment": "",
                    "name": "status",
                    "type": "string"
                  },
                  {
                    "comment": "",
                    "name": "created_at",
                    "type": "timestamp"
                  },
                  {
                    "comment": "",
                    "name": "updated_at",
                    "type": "timestamp"
                  }
                ],
                "compressed": false,
                "input_format": "org.apache.hadoop.mapred.TextInputFormat",
                "location": "s3://mlc-scheduled-processor-dev/status_reports",
                "number_of_buckets": 0,
                "output_format": "org.apache.hadoop.hive.ql.io.IgnoreKeyTextOutputFormat",
                "parameters": {},
                "ser_de_info": [
                  {
                    "name": "s3-stream",
                    "parameters": {
                      "field.delim": ",",
                      "serialization.format": ","
                    },
                    "serialization_library": "org.apache.hadoop.hive.serde2.lazy.LazySimpleSerDe"
                  }
                ],
                "skewed_info": [],
                "sort_columns": [],
                "stored_as_sub_directories": false
              }
            ],
            "table_type": "EXTERNAL_TABLE",
            "view_expanded_text": "",
            "view_original_text": ""
          },
          "private": "bnVsbA==",
          "dependencies": [
            "aws_athena_database.reporting",
            "aws_s3_bucket.reporting-bucket"
          ]
        }
      ]
    },
    {
      "mode": "managed",
      "type": "aws_iam_policy",
      "name": "lambda_policy",
      "provider": "provider.aws",
      "instances": [
        {
          "schema_version": 0,
          "attributes": {
            "arn": "arn:aws:iam::876222238198:policy/scheduled-processor/mlc-scheduled-processor-dev-lambda_policy",
            "description": "Lambda Execution Policy",
            "id": "arn:aws:iam::876222238198:policy/scheduled-processor/mlc-scheduled-processor-dev-lambda_policy",
            "name": "mlc-scheduled-processor-dev-lambda_policy",
            "name_prefix": null,
            "path": "/scheduled-processor/",
            "policy": "{\r\n  \"Version\": \"2012-10-17\",\r\n  \"Statement\": [\r\n    {\r\n      \"Action\": [ \"kms:Encrypt\", \"kms:Decrypt\", \"kms:ReEncrypt*\", \"kms:GenerateDataKey*\", \"kms:DescribeKey\" ],\r\n      \"Effect\": \"Allow\",\r\n      \"Resource\": [\r\n        \"arn:aws:kms:ap-southeast-2:876222238198:key/66b00806-26a9-4d34-8c35-e127a05f04be\"\r\n      ]\r\n    },\r\n    {\r\n      \"Action\": [ \"lambda:InvokeFunction\" ],\r\n      \"Effect\": \"Allow\",\r\n      \"Resource\": [\r\n        \"arn:aws:lambda:ap-southeast-2:876222238198:function:mlc-scheduled-processor-dev-lambda-cron-extract\"\r\n      ]\r\n    },\r\n    {\r\n      \"Action\": [ \"s3:PutObject\", \"s3:PutObjectAcl\", \"s3:GetObject\", \"s3:GetObjectAcl\" ],\r\n      \"Effect\": \"Allow\",\r\n      \"Resource\": [\r\n        \"arn:aws:s3:::mlc-scheduled-processor-dev/*\",\r\n        \"arn:aws:s3:::mlc-scheduled-processor-dev\"\r\n      ]\r\n    },\r\n    {\r\n      \"Action\": [\r\n        \"logs:CreateLogStream\",\r\n        \"logs:PutLogEvents\"\r\n      ],\r\n      \"Resource\": \"arn:aws:logs:*:*:*\",\r\n      \"Effect\": \"Allow\"\r\n    }\r\n  ]\r\n}\r\n"
          },
          "private": "bnVsbA==",
          "dependencies": [
            "aws_iam_role.lambda_role",
            "aws_kms_key.app-key",
            "aws_lambda_function.cron-extract",
            "aws_s3_bucket.reporting-bucket"
          ]
        }
      ]
    },
    {
      "mode": "managed",
      "type": "aws_iam_role",
      "name": "lambda_role",
      "provider": "provider.aws",
      "instances": [
        {
          "schema_version": 0,
          "attributes": {
            "arn": "arn:aws:iam::876222238198:role/scheduled-processor/mlc-scheduled-processor-dev-lambda_role",
            "assume_role_policy": "{\"Version\":\"2012-10-17\",\"Statement\":[{\"Sid\":\"\",\"Effect\":\"Allow\",\"Principal\":{\"Service\":\"lambda.amazonaws.com\"},\"Action\":\"sts:AssumeRole\"}]}",
            "create_date": "2020-04-29T00:10:37Z",
            "description": "",
            "force_detach_policies": false,
            "id": "mlc-scheduled-processor-dev-lambda_role",
            "max_session_duration": 3600,
            "name": "mlc-scheduled-processor-dev-lambda_role",
            "name_prefix": null,
            "path": "/scheduled-processor/",
            "permissions_boundary": null,
            "tags": null,
            "unique_id": "AROA4YAXKJX3KRWWENK2P"
          },
          "private": "bnVsbA=="
        }
      ]
    },
    {
      "mode": "managed",
      "type": "aws_iam_role_policy_attachment",
      "name": "role_attach_lambda_role-custom",
      "provider": "provider.aws",
      "instances": [
        {
          "schema_version": 0,
          "attributes": {
            "id": "mlc-scheduled-processor-dev-lambda_role-20200429001119598800000003",
            "policy_arn": "arn:aws:iam::876222238198:policy/scheduled-processor/mlc-scheduled-processor-dev-lambda_policy",
            "role": "mlc-scheduled-processor-dev-lambda_role"
          },
          "private": "bnVsbA==",
          "dependencies": [
            "aws_iam_policy.lambda_policy",
            "aws_iam_role.lambda_role",
            "aws_kms_key.app-key",
            "aws_lambda_function.cron-extract",
            "aws_s3_bucket.reporting-bucket"
          ]
        }
      ]
    },
    {
      "mode": "managed",
      "type": "aws_iam_role_policy_attachment",
      "name": "role_attach_lambda_role-lambdavpc",
      "provider": "provider.aws",
      "instances": [
        {
          "schema_version": 0,
          "attributes": {
            "id": "mlc-scheduled-processor-dev-lambda_role-20200429001053289400000001",
            "policy_arn": "arn:aws:iam::aws:policy/service-role/AWSLambdaVPCAccessExecutionRole",
            "role": "mlc-scheduled-processor-dev-lambda_role"
          },
          "private": "bnVsbA==",
          "dependencies": [
            "aws_iam_role.lambda_role"
          ]
        }
      ]
    },
    {
      "mode": "managed",
      "type": "aws_iam_role_policy_attachment",
      "name": "role_attach_lambda_role-xray",
      "provider": "provider.aws",
      "instances": [
        {
          "schema_version": 0,
          "attributes": {
            "id": "mlc-scheduled-processor-dev-lambda_role-20200429001053347400000002",
            "policy_arn": "arn:aws:iam::aws:policy/AWSXRayDaemonWriteAccess",
            "role": "mlc-scheduled-processor-dev-lambda_role"
          },
          "private": "bnVsbA==",
          "dependencies": [
            "aws_iam_role.lambda_role"
          ]
        }
      ]
    },
    {
      "mode": "managed",
      "type": "aws_kms_alias",
      "name": "app-key",
      "provider": "provider.aws",
      "instances": [
        {
          "schema_version": 0,
          "attributes": {
            "arn": "arn:aws:kms:ap-southeast-2:876222238198:alias/mlc-scheduled-processor/dev/app-key",
            "id": "alias/mlc-scheduled-processor/dev/app-key",
            "name": "alias/mlc-scheduled-processor/dev/app-key",
            "name_prefix": null,
            "target_key_arn": "arn:aws:kms:ap-southeast-2:876222238198:key/66b00806-26a9-4d34-8c35-e127a05f04be",
            "target_key_id": "66b00806-26a9-4d34-8c35-e127a05f04be"
          },
          "private": "bnVsbA==",
          "dependencies": [
            "aws_kms_key.app-key"
          ]
        }
      ]
    },
    {
      "mode": "managed",
      "type": "aws_kms_key",
      "name": "app-key",
      "provider": "provider.aws",
      "instances": [
        {
          "schema_version": 0,
          "attributes": {
            "arn": "arn:aws:kms:ap-southeast-2:876222238198:key/66b00806-26a9-4d34-8c35-e127a05f04be",
            "customer_master_key_spec": "SYMMETRIC_DEFAULT",
            "deletion_window_in_days": 10,
            "description": "mlc-scheduled-processor-dev app key",
            "enable_key_rotation": false,
            "id": "66b00806-26a9-4d34-8c35-e127a05f04be",
            "is_enabled": true,
            "key_id": "66b00806-26a9-4d34-8c35-e127a05f04be",
            "key_usage": "ENCRYPT_DECRYPT",
            "policy": "{\"Id\":\"key-default-1\",\"Statement\":[{\"Action\":\"kms:*\",\"Effect\":\"Allow\",\"Principal\":{\"AWS\":\"arn:aws:iam::876222238198:root\"},\"Resource\":\"*\",\"Sid\":\"Enable IAM User Permissions\"}],\"Version\":\"2012-10-17\"}",
            "tags": {
              "STAGE": "dev"
            }
          },
          "private": "bnVsbA=="
        }
      ]
    },
    {
      "mode": "managed",
      "type": "aws_lambda_function",
      "name": "cron-extract",
      "provider": "provider.aws",
      "instances": [
        {
          "schema_version": 0,
          "attributes": {
            "arn": "arn:aws:lambda:ap-southeast-2:876222238198:function:mlc-scheduled-processor-dev-lambda-cron-extract",
            "dead_letter_config": [],
            "description": "",
            "environment": [
              {
                "variables": {
                  "STAGE": "dev"
                }
              }
            ],
            "filename": null,
            "function_name": "mlc-scheduled-processor-dev-lambda-cron-extract",
            "handler": "lib/cronHandler.extract",
            "id": "mlc-scheduled-processor-dev-lambda-cron-extract",
            "invoke_arn": "arn:aws:apigateway:ap-southeast-2:lambda:path/2015-03-31/functions/arn:aws:lambda:ap-southeast-2:876222238198:function:mlc-scheduled-processor-dev-lambda-cron-extract/invocations",
            "kms_key_arn": "",
            "last_modified": "2020-04-29T00:10:56.252+0000",
            "layers": null,
            "memory_size": 512,
            "publish": false,
            "qualified_arn": "arn:aws:lambda:ap-southeast-2:876222238198:function:mlc-scheduled-processor-dev-lambda-cron-extract:$LATEST",
            "reserved_concurrent_executions": -1,
            "role": "arn:aws:iam::876222238198:role/scheduled-processor/mlc-scheduled-processor-dev-lambda_role",
            "runtime": "nodejs12.x",
            "s3_bucket": "mlc-scheduled-processor-dropbox",
            "s3_key": "dev/lambda.zip",
            "s3_object_version": null,
            "source_code_hash": "At73XX7xMY4YLd+WIP3LUXzlKFIJQE9pAPGMpJ0Yhto=",
            "source_code_size": 2896209,
            "tags": null,
            "timeout": 120,
            "timeouts": null,
            "tracing_config": [
              {
                "mode": "PassThrough"
              }
            ],
            "version": "$LATEST",
            "vpc_config": []
          },
          "private": "eyJlMmJmYjczMC1lY2FhLTExZTYtOGY4OC0zNDM2M2JjN2M0YzAiOnsiY3JlYXRlIjo2MDAwMDAwMDAwMDB9fQ==",
          "dependencies": [
            "aws_iam_role.lambda_role"
          ]
        }
      ]
    },
    {
      "mode": "managed",
      "type": "aws_s3_bucket",
      "name": "reporting-bucket",
      "provider": "provider.aws",
      "instances": [
        {
          "schema_version": 0,
          "attributes": {
            "acceleration_status": "",
            "acl": "private",
            "arn": "arn:aws:s3:::mlc-scheduled-processor-dev",
            "bucket": "mlc-scheduled-processor-dev",
            "bucket_domain_name": "mlc-scheduled-processor-dev.s3.amazonaws.com",
            "bucket_prefix": null,
            "bucket_regional_domain_name": "mlc-scheduled-processor-dev.s3.ap-southeast-2.amazonaws.com",
            "cors_rule": [],
            "force_destroy": false,
            "grant": [],
            "hosted_zone_id": "Z1WCIGYICN2BYD",
            "id": "mlc-scheduled-processor-dev",
            "lifecycle_rule": [
              {
                "abort_incomplete_multipart_upload_days": 0,
                "enabled": true,
                "expiration": [],
                "id": "mlc-scheduled-processor-dev-reporting-lifecycle",
                "noncurrent_version_expiration": [
                  {
                    "days": 90
                  }
                ],
                "noncurrent_version_transition": [
                  {
                    "days": 30,
                    "storage_class": "STANDARD_IA"
                  },
                  {
                    "days": 60,
                    "storage_class": "GLACIER"
                  }
                ],
                "prefix": "",
                "tags": {},
                "transition": [
                  {
                    "date": "",
                    "days": 120,
                    "storage_class": "STANDARD_IA"
                  }
                ]
              }
            ],
            "logging": [],
            "object_lock_configuration": [],
            "policy": null,
            "region": "ap-southeast-2",
            "replication_configuration": [],
            "request_payer": "BucketOwner",
            "server_side_encryption_configuration": [
              {
                "rule": [
                  {
                    "apply_server_side_encryption_by_default": [
                      {
                        "kms_master_key_id": "arn:aws:kms:ap-southeast-2:876222238198:key/66b00806-26a9-4d34-8c35-e127a05f04be",
                        "sse_algorithm": "aws:kms"
                      }
                    ]
                  }
                ]
              }
            ],
            "tags": {
              "STAGE": "dev"
            },
            "versioning": [
              {
                "enabled": true,
                "mfa_delete": false
              }
            ],
            "website": [],
            "website_domain": null,
            "website_endpoint": null
          },
          "private": "bnVsbA==",
          "dependencies": [
            "aws_kms_key.app-key"
          ]
        }
      ]
    },
    {
      "mode": "managed",
      "type": "aws_s3_bucket_public_access_block",
      "name": "reporting-bucket-access-block",
      "provider": "provider.aws",
      "instances": [
        {
          "schema_version": 0,
          "attributes": {
            "block_public_acls": true,
            "block_public_policy": true,
            "bucket": "mlc-scheduled-processor-dev",
            "id": "mlc-scheduled-processor-dev",
            "ignore_public_acls": true,
            "restrict_public_buckets": true
          },
          "private": "bnVsbA==",
          "dependencies": [
            "aws_kms_key.app-key",
            "aws_s3_bucket.reporting-bucket"
          ]
        }
      ]
    }
  ]
}
