{
  "version": 4,
  "terraform_version": "0.12.16",
  "serial": 67,
  "lineage": "652a64cd-40cc-5be3-ff1d-89926f946aff",
  "outputs": {},
  "resources": [
    {
      "mode": "data",
      "type": "aws_caller_identity",
      "name": "current",
      "provider": "provider.aws",
      "instances": [
        {
          "schema_version": 0,
          "attributes": {
            "account_id": "876222238198",
            "arn": "arn:aws:iam::876222238198:root",
            "id": "2020-04-29 02:18:13.0046414 +0000 UTC",
            "user_id": "876222238198"
          }
        }
      ]
    },
    {
      "mode": "data",
      "type": "aws_iam_policy_document",
      "name": "step_policy",
      "provider": "provider.aws",
      "instances": [
        {
          "schema_version": 0,
          "attributes": {
            "id": "1802088989",
            "json": "{\n  \"Version\": \"2012-10-17\",\n  \"Statement\": [\n    {\n      \"Sid\": \"\",\n      \"Effect\": \"Allow\",\n      \"Action\": \"sts:AssumeRole\",\n      \"Principal\": {\n        \"Service\": [\n          \"states.ap-southeast-2.amazonaws.com\",\n          \"events.amazonaws.com\"\n        ]\n      }\n    }\n  ]\n}",
            "override_json": null,
            "policy_id": null,
            "source_json": null,
            "statement": [
              {
                "actions": [
                  "sts:AssumeRole"
                ],
                "condition": [],
                "effect": "Allow",
                "not_actions": [],
                "not_principals": [],
                "not_resources": [],
                "principals": [
                  {
                    "identifiers": [
                      "events.amazonaws.com",
                      "states.ap-southeast-2.amazonaws.com"
                    ],
                    "type": "Service"
                  }
                ],
                "resources": [],
                "sid": ""
              }
            ],
            "version": "2012-10-17"
          }
        }
      ]
    },
    {
      "mode": "managed",
      "type": "aws_athena_database",
      "name": "reporting",
      "provider": "provider.aws",
      "instances": [
        {
          "schema_version": 0,
          "attributes": {
            "bucket": "mlc-scheduled-processor-dev",
            "encryption_configuration": [],
            "force_destroy": false,
            "id": "mlc_scheduled_processor_dev",
            "name": "mlc_scheduled_processor_dev"
          },
          "private": "bnVsbA==",
          "dependencies": [
            "aws_s3_bucket.reporting-bucket"
          ]
        }
      ]
    },
    {
      "mode": "managed",
      "type": "aws_cloudwatch_event_rule",
      "name": "workflow",
      "provider": "provider.aws",
      "instances": [
        {
          "schema_version": 0,
          "attributes": {
            "arn": "arn:aws:events:ap-southeast-2:876222238198:rule/mlc-scheduled-processor-dev-workflow",
            "description": "Executes Worklow that extracts the data from the source system.",
            "event_pattern": null,
            "id": "mlc-scheduled-processor-dev-workflow",
            "is_enabled": true,
            "name": "mlc-scheduled-processor-dev-workflow",
            "name_prefix": null,
            "role_arn": "",
            "schedule_expression": "rate(10 minutes)",
            "tags": {}
          },
          "private": "bnVsbA=="
        }
      ]
    },
    {
      "mode": "managed",
      "type": "aws_cloudwatch_event_target",
      "name": "workflow",
      "provider": "provider.aws",
      "instances": [
        {
          "schema_version": 0,
          "attributes": {
            "arn": "arn:aws:lambda:ap-southeast-2:876222238198:function:mlc-scheduled-processor-dev-lambda-cron-workflow",
            "batch_target": [],
            "ecs_target": [],
            "id": "mlc-scheduled-processor-dev-workflow-workflow",
            "input": "",
            "input_path": "",
            "input_transformer": [],
            "kinesis_target": [],
            "role_arn": "",
            "rule": "mlc-scheduled-processor-dev-workflow",
            "run_command_targets": [],
            "sqs_target": [],
            "target_id": "workflow"
          },
          "private": "bnVsbA==",
          "dependencies": [
            "aws_cloudwatch_event_rule.workflow",
            "aws_iam_role.lambda_role",
            "aws_lambda_function.cron-workflow"
          ]
        }
      ]
    },
    {
      "mode": "managed",
      "type": "aws_cloudwatch_log_group",
      "name": "cron-workflow",
      "provider": "provider.aws",
      "instances": [
        {
          "schema_version": 0,
          "attributes": {
            "arn": "arn:aws:logs:ap-southeast-2:876222238198:log-group:/aws/lambda/mlc-scheduled-processor-dev-lambda-cron-workflow:*",
            "id": "/aws/lambda/mlc-scheduled-processor-dev-lambda-cron-workflow",
            "kms_key_id": "",
            "name": "/aws/lambda/mlc-scheduled-processor-dev-lambda-cron-workflow",
            "name_prefix": null,
            "retention_in_days": 7,
            "tags": {}
          },
          "private": "bnVsbA=="
        }
      ]
    },
    {
      "mode": "managed",
      "type": "aws_cloudwatch_log_group",
      "name": "workflow-extract",
      "provider": "provider.aws",
      "instances": [
        {
          "schema_version": 0,
          "attributes": {
            "arn": "arn:aws:logs:ap-southeast-2:876222238198:log-group:/aws/lambda/mlc-scheduled-processor-dev-lambda-workflow-extract:*",
            "id": "/aws/lambda/mlc-scheduled-processor-dev-lambda-workflow-extract",
            "kms_key_id": "",
            "name": "/aws/lambda/mlc-scheduled-processor-dev-lambda-workflow-extract",
            "name_prefix": null,
            "retention_in_days": 7,
            "tags": {}
          },
          "private": "bnVsbA=="
        }
      ]
    },
    {
      "mode": "managed",
      "type": "aws_glue_catalog_table",
      "name": "status-table",
      "provider": "provider.aws",
      "instances": [
        {
          "schema_version": 0,
          "attributes": {
            "catalog_id": "876222238198",
            "database_name": "mlc_scheduled_processor_dev",
            "description": "Scheduled Processing - Status Report Data",
            "id": "876222238198:mlc_scheduled_processor_dev:status",
            "name": "status",
            "owner": "",
            "parameters": {
              "EXTERNAL": "TRUE"
            },
            "partition_keys": [],
            "retention": 0,
            "storage_descriptor": [
              {
                "bucket_columns": [],
                "columns": [
                  {
                    "comment": "",
                    "name": "policy_no",
                    "type": "string"
                  },
                  {
                    "comment": "",
                    "name": "status",
                    "type": "string"
                  },
                  {
                    "comment": "",
                    "name": "created_at",
                    "type": "timestamp"
                  },
                  {
                    "comment": "",
                    "name": "updated_at",
                    "type": "timestamp"
                  }
                ],
                "compressed": false,
                "input_format": "org.apache.hadoop.mapred.TextInputFormat",
                "location": "s3://mlc-scheduled-processor-dev/status_reports",
                "number_of_buckets": 0,
                "output_format": "org.apache.hadoop.hive.ql.io.IgnoreKeyTextOutputFormat",
                "parameters": {},
                "ser_de_info": [
                  {
                    "name": "s3-stream",
                    "parameters": {
                      "field.delim": ",",
                      "serialization.format": ","
                    },
                    "serialization_library": "org.apache.hadoop.hive.serde2.lazy.LazySimpleSerDe"
                  }
                ],
                "skewed_info": [],
                "sort_columns": [],
                "stored_as_sub_directories": false
              }
            ],
            "table_type": "EXTERNAL_TABLE",
            "view_expanded_text": "",
            "view_original_text": ""
          },
          "private": "bnVsbA==",
          "dependencies": [
            "aws_athena_database.reporting",
            "aws_s3_bucket.reporting-bucket"
          ]
        }
      ]
    },
    {
      "mode": "managed",
      "type": "aws_iam_policy",
      "name": "lambda_policy",
      "provider": "provider.aws",
      "instances": [
        {
          "schema_version": 0,
          "attributes": {
            "arn": "arn:aws:iam::876222238198:policy/scheduled-processor/mlc-scheduled-processor-dev-lambda_policy",
            "description": "Lambda Execution Policy",
            "id": "arn:aws:iam::876222238198:policy/scheduled-processor/mlc-scheduled-processor-dev-lambda_policy",
            "name": "mlc-scheduled-processor-dev-lambda_policy",
            "name_prefix": null,
            "path": "/scheduled-processor/",
            "policy": "{\r\n  \"Version\": \"2012-10-17\",\r\n  \"Statement\": [\r\n    {\r\n      \"Action\": [ \"secretsmanager:GetSecretValue\" ],\r\n      \"Effect\": \"Allow\",\r\n      \"Resource\": \"arn:aws:secretsmanager:ap-southeast-2:876222238198:secret:mlc-scheduled-processor/dev/*\"\r\n    },\r\n    {\r\n      \"Action\": [ \"kms:Encrypt\", \"kms:Decrypt\", \"kms:ReEncrypt*\", \"kms:GenerateDataKey*\", \"kms:DescribeKey\" ],\r\n      \"Effect\": \"Allow\",\r\n      \"Resource\": [\r\n        \"arn:aws:kms:ap-southeast-2:876222238198:key/66b00806-26a9-4d34-8c35-e127a05f04be\"\r\n      ]\r\n    },\r\n    {\r\n      \"Action\": [ \"lambda:InvokeFunction\" ],\r\n      \"Effect\": \"Allow\",\r\n      \"Resource\": [\r\n        \"arn:aws:lambda:ap-southeast-2:876222238198:function:mlc-scheduled-processor-dev-lambda-cron-workflow\",\r\n        \"arn:aws:lambda:ap-southeast-2:876222238198:function:mlc-scheduled-processor-dev-lambda-workflow-extract\"\r\n      ]\r\n    },\r\n    {\r\n      \"Action\": [ \"s3:PutObject\", \"s3:PutObjectAcl\", \"s3:GetObject\", \"s3:GetObjectAcl\" ],\r\n      \"Effect\": \"Allow\",\r\n      \"Resource\": [\r\n        \"arn:aws:s3:::mlc-scheduled-processor-dev/*\",\r\n        \"arn:aws:s3:::mlc-scheduled-processor-dev\"\r\n      ]\r\n    },\r\n    {\r\n      \"Action\": [\r\n        \"logs:CreateLogStream\",\r\n        \"logs:PutLogEvents\"\r\n      ],\r\n      \"Resource\": \"arn:aws:logs:*:*:*\",\r\n      \"Effect\": \"Allow\"\r\n    },\r\n    {\r\n      \"Action\": [ \"states:StartExecution\" ],\r\n      \"Effect\": \"Allow\",\r\n      \"Resource\": [\r\n        \"arn:aws:states:ap-southeast-2:876222238198:stateMachine:mlc-scheduled-processor-dev-workflow\"\r\n      ]\r\n    }\r\n  ]\r\n}\r\n"
          },
          "private": "bnVsbA==",
          "dependencies": [
            "aws_iam_role.lambda_role",
            "aws_iam_role.step_role",
            "aws_kms_key.app-key",
            "aws_lambda_function.cron-workflow",
            "aws_lambda_function.workflow-extract",
            "aws_s3_bucket.reporting-bucket",
            "aws_sfn_state_machine.workflow"
          ]
        }
      ]
    },
    {
      "mode": "managed",
      "type": "aws_iam_role",
      "name": "lambda_role",
      "provider": "provider.aws",
      "instances": [
        {
          "schema_version": 0,
          "attributes": {
            "arn": "arn:aws:iam::876222238198:role/scheduled-processor/mlc-scheduled-processor-dev-lambda_role",
            "assume_role_policy": "{\"Version\":\"2012-10-17\",\"Statement\":[{\"Sid\":\"\",\"Effect\":\"Allow\",\"Principal\":{\"Service\":\"lambda.amazonaws.com\"},\"Action\":\"sts:AssumeRole\"}]}",
            "create_date": "2020-04-29T00:10:37Z",
            "description": "",
            "force_detach_policies": false,
            "id": "mlc-scheduled-processor-dev-lambda_role",
            "max_session_duration": 3600,
            "name": "mlc-scheduled-processor-dev-lambda_role",
            "name_prefix": null,
            "path": "/scheduled-processor/",
            "permissions_boundary": null,
            "tags": {},
            "unique_id": "AROA4YAXKJX3KRWWENK2P"
          },
          "private": "bnVsbA=="
        }
      ]
    },
    {
      "mode": "managed",
      "type": "aws_iam_role",
      "name": "step_role",
      "provider": "provider.aws",
      "instances": [
        {
          "schema_version": 0,
          "attributes": {
            "arn": "arn:aws:iam::876222238198:role/dev_step-function",
            "assume_role_policy": "{\"Version\":\"2012-10-17\",\"Statement\":[{\"Sid\":\"\",\"Effect\":\"Allow\",\"Principal\":{\"Service\":[\"states.ap-southeast-2.amazonaws.com\",\"events.amazonaws.com\"]},\"Action\":\"sts:AssumeRole\"}]}",
            "create_date": "2020-04-29T01:59:12Z",
            "description": "",
            "force_detach_policies": false,
            "id": "dev_step-function",
            "max_session_duration": 3600,
            "name": "dev_step-function",
            "name_prefix": null,
            "path": "/",
            "permissions_boundary": null,
            "tags": {},
            "unique_id": "AROA4YAXKJX3ARZ6GZAZP"
          },
          "private": "bnVsbA=="
        }
      ]
    },
    {
      "mode": "managed",
      "type": "aws_iam_role_policy_attachment",
      "name": "role_attach_custom_step",
      "provider": "provider.aws",
      "instances": [
        {
          "schema_version": 0,
          "attributes": {
            "id": "dev_step-function-20200429015937148200000001",
            "policy_arn": "arn:aws:iam::876222238198:policy/scheduled-processor/mlc-scheduled-processor-dev-lambda_policy",
            "role": "dev_step-function"
          },
          "private": "bnVsbA==",
          "dependencies": [
            "aws_iam_policy.lambda_policy",
            "aws_iam_role.lambda_role",
            "aws_iam_role.step_role",
            "aws_kms_key.app-key",
            "aws_lambda_function.cron-workflow",
            "aws_lambda_function.workflow-extract",
            "aws_s3_bucket.reporting-bucket",
            "aws_sfn_state_machine.workflow"
          ]
        }
      ]
    },
    {
      "mode": "managed",
      "type": "aws_iam_role_policy_attachment",
      "name": "role_attach_lambda_role-custom",
      "provider": "provider.aws",
      "instances": [
        {
          "schema_version": 0,
          "attributes": {
            "id": "mlc-scheduled-processor-dev-lambda_role-20200429001119598800000003",
            "policy_arn": "arn:aws:iam::876222238198:policy/scheduled-processor/mlc-scheduled-processor-dev-lambda_policy",
            "role": "mlc-scheduled-processor-dev-lambda_role"
          },
          "private": "bnVsbA==",
          "dependencies": [
            "aws_iam_policy.lambda_policy",
            "aws_iam_role.lambda_role",
            "aws_kms_key.app-key",
            "aws_lambda_function.cron-extract",
            "aws_s3_bucket.reporting-bucket"
          ]
        }
      ]
    },
    {
      "mode": "managed",
      "type": "aws_iam_role_policy_attachment",
      "name": "role_attach_lambda_role-lambdavpc",
      "provider": "provider.aws",
      "instances": [
        {
          "schema_version": 0,
          "attributes": {
            "id": "mlc-scheduled-processor-dev-lambda_role-20200429001053289400000001",
            "policy_arn": "arn:aws:iam::aws:policy/service-role/AWSLambdaVPCAccessExecutionRole",
            "role": "mlc-scheduled-processor-dev-lambda_role"
          },
          "private": "bnVsbA==",
          "dependencies": [
            "aws_iam_role.lambda_role"
          ]
        }
      ]
    },
    {
      "mode": "managed",
      "type": "aws_iam_role_policy_attachment",
      "name": "role_attach_lambda_role-xray",
      "provider": "provider.aws",
      "instances": [
        {
          "schema_version": 0,
          "attributes": {
            "id": "mlc-scheduled-processor-dev-lambda_role-20200429001053347400000002",
            "policy_arn": "arn:aws:iam::aws:policy/AWSXRayDaemonWriteAccess",
            "role": "mlc-scheduled-processor-dev-lambda_role"
          },
          "private": "bnVsbA==",
          "dependencies": [
            "aws_iam_role.lambda_role"
          ]
        }
      ]
    },
    {
      "mode": "managed",
      "type": "aws_kms_alias",
      "name": "app-key",
      "provider": "provider.aws",
      "instances": [
        {
          "schema_version": 0,
          "attributes": {
            "arn": "arn:aws:kms:ap-southeast-2:876222238198:alias/mlc-scheduled-processor/dev/app-key",
            "id": "alias/mlc-scheduled-processor/dev/app-key",
            "name": "alias/mlc-scheduled-processor/dev/app-key",
            "name_prefix": null,
            "target_key_arn": "arn:aws:kms:ap-southeast-2:876222238198:key/66b00806-26a9-4d34-8c35-e127a05f04be",
            "target_key_id": "66b00806-26a9-4d34-8c35-e127a05f04be"
          },
          "private": "bnVsbA==",
          "dependencies": [
            "aws_kms_key.app-key"
          ]
        }
      ]
    },
    {
      "mode": "managed",
      "type": "aws_kms_key",
      "name": "app-key",
      "provider": "provider.aws",
      "instances": [
        {
          "schema_version": 0,
          "attributes": {
            "arn": "arn:aws:kms:ap-southeast-2:876222238198:key/66b00806-26a9-4d34-8c35-e127a05f04be",
            "customer_master_key_spec": "SYMMETRIC_DEFAULT",
            "deletion_window_in_days": 10,
            "description": "mlc-scheduled-processor-dev app key",
            "enable_key_rotation": false,
            "id": "66b00806-26a9-4d34-8c35-e127a05f04be",
            "is_enabled": true,
            "key_id": "66b00806-26a9-4d34-8c35-e127a05f04be",
            "key_usage": "ENCRYPT_DECRYPT",
            "policy": "{\"Id\":\"key-default-1\",\"Statement\":[{\"Action\":\"kms:*\",\"Effect\":\"Allow\",\"Principal\":{\"AWS\":\"arn:aws:iam::876222238198:root\"},\"Resource\":\"*\",\"Sid\":\"Enable IAM User Permissions\"}],\"Version\":\"2012-10-17\"}",
            "tags": {
              "STAGE": "dev"
            }
          },
          "private": "bnVsbA=="
        }
      ]
    },
    {
      "mode": "managed",
      "type": "aws_lambda_function",
      "name": "cron-workflow",
      "provider": "provider.aws",
      "instances": [
        {
          "schema_version": 0,
          "attributes": {
            "arn": "arn:aws:lambda:ap-southeast-2:876222238198:function:mlc-scheduled-processor-dev-lambda-cron-workflow",
            "dead_letter_config": [],
            "description": "",
            "environment": [
              {
                "variables": {
                  "PROJECT": "mlc-scheduled-processor",
                  "STAGE": "dev"
                }
              }
            ],
            "filename": null,
            "function_name": "mlc-scheduled-processor-dev-lambda-cron-workflow",
            "handler": "lib/cronHandler.workflow",
            "id": "mlc-scheduled-processor-dev-lambda-cron-workflow",
            "invoke_arn": "arn:aws:apigateway:ap-southeast-2:lambda:path/2015-03-31/functions/arn:aws:lambda:ap-southeast-2:876222238198:function:mlc-scheduled-processor-dev-lambda-cron-workflow/invocations",
            "kms_key_arn": "",
            "last_modified": "2020-04-29T02:18:12.409+0000",
            "layers": [],
            "memory_size": 512,
            "publish": false,
            "qualified_arn": "arn:aws:lambda:ap-southeast-2:876222238198:function:mlc-scheduled-processor-dev-lambda-cron-workflow:$LATEST",
            "reserved_concurrent_executions": -1,
            "role": "arn:aws:iam::876222238198:role/scheduled-processor/mlc-scheduled-processor-dev-lambda_role",
            "runtime": "nodejs12.x",
            "s3_bucket": "mlc-scheduled-processor-dropbox",
            "s3_key": "dev/lambda.zip",
            "s3_object_version": null,
            "source_code_hash": "zSdKSdzlO3V9Ywx/Lxow6vCF36IUDX4JxeVJ2N1hYsM=",
            "source_code_size": 2904269,
            "tags": {},
            "timeout": 120,
            "timeouts": null,
            "tracing_config": [
              {
                "mode": "PassThrough"
              }
            ],
            "version": "$LATEST",
            "vpc_config": []
          },
          "private": "eyJlMmJmYjczMC1lY2FhLTExZTYtOGY4OC0zNDM2M2JjN2M0YzAiOnsiY3JlYXRlIjo2MDAwMDAwMDAwMDB9fQ==",
          "dependencies": [
            "aws_iam_role.lambda_role"
          ]
        }
      ]
    },
    {
      "mode": "managed",
      "type": "aws_lambda_function",
      "name": "workflow-extract",
      "provider": "provider.aws",
      "instances": [
        {
          "schema_version": 0,
          "attributes": {
            "arn": "arn:aws:lambda:ap-southeast-2:876222238198:function:mlc-scheduled-processor-dev-lambda-workflow-extract",
            "dead_letter_config": [],
            "description": "",
            "environment": [
              {
                "variables": {
                  "PROJECT": "mlc-scheduled-processor",
                  "STAGE": "dev"
                }
              }
            ],
            "filename": null,
            "function_name": "mlc-scheduled-processor-dev-lambda-workflow-extract",
            "handler": "lib/workflowHandler.extract",
            "id": "mlc-scheduled-processor-dev-lambda-workflow-extract",
            "invoke_arn": "arn:aws:apigateway:ap-southeast-2:lambda:path/2015-03-31/functions/arn:aws:lambda:ap-southeast-2:876222238198:function:mlc-scheduled-processor-dev-lambda-workflow-extract/invocations",
            "kms_key_arn": "",
            "last_modified": "2020-04-29T02:18:12.484+0000",
            "layers": [],
            "memory_size": 512,
            "publish": false,
            "qualified_arn": "arn:aws:lambda:ap-southeast-2:876222238198:function:mlc-scheduled-processor-dev-lambda-workflow-extract:$LATEST",
            "reserved_concurrent_executions": -1,
            "role": "arn:aws:iam::876222238198:role/scheduled-processor/mlc-scheduled-processor-dev-lambda_role",
            "runtime": "nodejs12.x",
            "s3_bucket": "mlc-scheduled-processor-dropbox",
            "s3_key": "dev/lambda.zip",
            "s3_object_version": null,
            "source_code_hash": "zSdKSdzlO3V9Ywx/Lxow6vCF36IUDX4JxeVJ2N1hYsM=",
            "source_code_size": 2904269,
            "tags": {},
            "timeout": 120,
            "timeouts": null,
            "tracing_config": [
              {
                "mode": "PassThrough"
              }
            ],
            "version": "$LATEST",
            "vpc_config": []
          },
          "private": "eyJlMmJmYjczMC1lY2FhLTExZTYtOGY4OC0zNDM2M2JjN2M0YzAiOnsiY3JlYXRlIjo2MDAwMDAwMDAwMDB9fQ==",
          "dependencies": [
            "aws_iam_role.lambda_role"
          ]
        }
      ]
    },
    {
      "mode": "managed",
      "type": "aws_lambda_permission",
      "name": "cron-workflow",
      "provider": "provider.aws",
      "instances": [
        {
          "schema_version": 0,
          "attributes": {
            "action": "lambda:InvokeFunction",
            "event_source_token": null,
            "function_name": "arn:aws:lambda:ap-southeast-2:876222238198:function:mlc-scheduled-processor-dev-lambda-cron-workflow",
            "id": "AllowExecutionFromCloudWatch",
            "principal": "events.amazonaws.com",
            "qualifier": "",
            "source_account": null,
            "source_arn": "arn:aws:events:ap-southeast-2:876222238198:rule/mlc-scheduled-processor-dev-workflow",
            "statement_id": "AllowExecutionFromCloudWatch",
            "statement_id_prefix": null
          },
          "private": "bnVsbA==",
          "dependencies": [
            "aws_cloudwatch_event_rule.workflow",
            "aws_iam_role.lambda_role",
            "aws_lambda_function.cron-workflow"
          ]
        }
      ]
    },
    {
      "mode": "managed",
      "type": "aws_s3_bucket",
      "name": "reporting-bucket",
      "provider": "provider.aws",
      "instances": [
        {
          "schema_version": 0,
          "attributes": {
            "acceleration_status": "",
            "acl": "private",
            "arn": "arn:aws:s3:::mlc-scheduled-processor-dev",
            "bucket": "mlc-scheduled-processor-dev",
            "bucket_domain_name": "mlc-scheduled-processor-dev.s3.amazonaws.com",
            "bucket_prefix": null,
            "bucket_regional_domain_name": "mlc-scheduled-processor-dev.s3.ap-southeast-2.amazonaws.com",
            "cors_rule": [],
            "force_destroy": false,
            "grant": [],
            "hosted_zone_id": "Z1WCIGYICN2BYD",
            "id": "mlc-scheduled-processor-dev",
            "lifecycle_rule": [
              {
                "abort_incomplete_multipart_upload_days": 0,
                "enabled": true,
                "expiration": [],
                "id": "mlc-scheduled-processor-dev-reporting-lifecycle",
                "noncurrent_version_expiration": [
                  {
                    "days": 90
                  }
                ],
                "noncurrent_version_transition": [
                  {
                    "days": 30,
                    "storage_class": "STANDARD_IA"
                  },
                  {
                    "days": 60,
                    "storage_class": "GLACIER"
                  }
                ],
                "prefix": "",
                "tags": {},
                "transition": [
                  {
                    "date": "",
                    "days": 120,
                    "storage_class": "STANDARD_IA"
                  }
                ]
              }
            ],
            "logging": [],
            "object_lock_configuration": [],
            "policy": null,
            "region": "ap-southeast-2",
            "replication_configuration": [],
            "request_payer": "BucketOwner",
            "server_side_encryption_configuration": [
              {
                "rule": [
                  {
                    "apply_server_side_encryption_by_default": [
                      {
                        "kms_master_key_id": "arn:aws:kms:ap-southeast-2:876222238198:key/66b00806-26a9-4d34-8c35-e127a05f04be",
                        "sse_algorithm": "aws:kms"
                      }
                    ]
                  }
                ]
              }
            ],
            "tags": {
              "STAGE": "dev"
            },
            "versioning": [
              {
                "enabled": true,
                "mfa_delete": false
              }
            ],
            "website": [],
            "website_domain": null,
            "website_endpoint": null
          },
          "private": "bnVsbA==",
          "dependencies": [
            "aws_kms_key.app-key"
          ]
        }
      ]
    },
    {
      "mode": "managed",
      "type": "aws_s3_bucket_public_access_block",
      "name": "reporting-bucket-access-block",
      "provider": "provider.aws",
      "instances": [
        {
          "schema_version": 0,
          "attributes": {
            "block_public_acls": true,
            "block_public_policy": true,
            "bucket": "mlc-scheduled-processor-dev",
            "id": "mlc-scheduled-processor-dev",
            "ignore_public_acls": true,
            "restrict_public_buckets": true
          },
          "private": "bnVsbA==",
          "dependencies": [
            "aws_kms_key.app-key",
            "aws_s3_bucket.reporting-bucket"
          ]
        }
      ]
    },
    {
      "mode": "managed",
      "type": "aws_secretsmanager_secret",
      "name": "secret_s3_bucket",
      "provider": "provider.aws",
      "instances": [
        {
          "schema_version": 0,
          "attributes": {
            "arn": "arn:aws:secretsmanager:ap-southeast-2:876222238198:secret:mlc-scheduled-processor/dev/s3_bucket-5EhdHY",
            "description": "S3 Bucket",
            "id": "arn:aws:secretsmanager:ap-southeast-2:876222238198:secret:mlc-scheduled-processor/dev/s3_bucket-5EhdHY",
            "kms_key_id": "arn:aws:kms:ap-southeast-2:876222238198:key/66b00806-26a9-4d34-8c35-e127a05f04be",
            "name": "mlc-scheduled-processor/dev/s3_bucket",
            "name_prefix": null,
            "policy": null,
            "recovery_window_in_days": 30,
            "rotation_enabled": false,
            "rotation_lambda_arn": "",
            "rotation_rules": [],
            "tags": {
              "STAGE": "dev"
            }
          },
          "private": "bnVsbA==",
          "dependencies": [
            "aws_kms_key.app-key"
          ]
        }
      ]
    },
    {
      "mode": "managed",
      "type": "aws_secretsmanager_secret",
      "name": "step_function_arn",
      "provider": "provider.aws",
      "instances": [
        {
          "schema_version": 0,
          "attributes": {
            "arn": "arn:aws:secretsmanager:ap-southeast-2:876222238198:secret:mlc-scheduled-processor/dev/step_function_arn-q1wL7m",
            "description": "Workflow Step Function ARN",
            "id": "arn:aws:secretsmanager:ap-southeast-2:876222238198:secret:mlc-scheduled-processor/dev/step_function_arn-q1wL7m",
            "kms_key_id": "arn:aws:kms:ap-southeast-2:876222238198:key/66b00806-26a9-4d34-8c35-e127a05f04be",
            "name": "mlc-scheduled-processor/dev/step_function_arn",
            "name_prefix": null,
            "policy": null,
            "recovery_window_in_days": 30,
            "rotation_enabled": false,
            "rotation_lambda_arn": "",
            "rotation_rules": [],
            "tags": {
              "STAGE": "dev"
            }
          },
          "private": "bnVsbA==",
          "dependencies": [
            "aws_kms_key.app-key"
          ]
        }
      ]
    },
    {
      "mode": "managed",
      "type": "aws_secretsmanager_secret_version",
      "name": "secret_s3_bucket_endpoint",
      "provider": "provider.aws",
      "instances": [
        {
          "schema_version": 0,
          "attributes": {
            "arn": "arn:aws:secretsmanager:ap-southeast-2:876222238198:secret:mlc-scheduled-processor/dev/s3_bucket-5EhdHY",
            "id": "arn:aws:secretsmanager:ap-southeast-2:876222238198:secret:mlc-scheduled-processor/dev/s3_bucket-5EhdHY|117675B7-7649-4E07-A1B0-FB0D1B7EE527",
            "secret_binary": "",
            "secret_id": "arn:aws:secretsmanager:ap-southeast-2:876222238198:secret:mlc-scheduled-processor/dev/s3_bucket-5EhdHY",
            "secret_string": "mlc-scheduled-processor-dev",
            "version_id": "117675B7-7649-4E07-A1B0-FB0D1B7EE527",
            "version_stages": [
              "AWSCURRENT"
            ]
          },
          "private": "bnVsbA==",
          "dependencies": [
            "aws_kms_key.app-key",
            "aws_s3_bucket.reporting-bucket",
            "aws_secretsmanager_secret.secret_s3_bucket"
          ]
        }
      ]
    },
    {
      "mode": "managed",
      "type": "aws_secretsmanager_secret_version",
      "name": "step_function_arn",
      "provider": "provider.aws",
      "instances": [
        {
          "schema_version": 0,
          "attributes": {
            "arn": "arn:aws:secretsmanager:ap-southeast-2:876222238198:secret:mlc-scheduled-processor/dev/step_function_arn-q1wL7m",
            "id": "arn:aws:secretsmanager:ap-southeast-2:876222238198:secret:mlc-scheduled-processor/dev/step_function_arn-q1wL7m|91026042-18AE-477C-A6CD-F27D750A61FA",
            "secret_binary": "",
            "secret_id": "arn:aws:secretsmanager:ap-southeast-2:876222238198:secret:mlc-scheduled-processor/dev/step_function_arn-q1wL7m",
            "secret_string": "arn:aws:states:ap-southeast-2:876222238198:stateMachine:mlc-scheduled-processor-dev-workflow",
            "version_id": "91026042-18AE-477C-A6CD-F27D750A61FA",
            "version_stages": [
              "AWSCURRENT"
            ]
          },
          "private": "bnVsbA==",
          "dependencies": [
            "aws_kms_key.app-key",
            "aws_secretsmanager_secret.step_function_arn",
            "aws_sfn_state_machine.workflow"
          ]
        }
      ]
    },
    {
      "mode": "managed",
      "type": "aws_sfn_state_machine",
      "name": "workflow",
      "provider": "provider.aws",
      "instances": [
        {
          "schema_version": 0,
          "attributes": {
            "creation_date": "2020-04-29T01:59:18Z",
            "definition": "{\r\n  \"Comment\": \"Workflow for Scheduled Processor\",\r\n  \"StartAt\": \"ExtractWorkflow\",\r\n  \"States\": {\r\n    \"ExtractWorkflow\": {\r\n      \"Type\": \"Task\",\r\n      \"Resource\": \"arn:aws:lambda:ap-southeast-2:876222238198:function:mlc-scheduled-processor-dev-lambda-workflow-extract\",\r\n      \"Retry\": [ {\r\n        \"ErrorEquals\": [\"States.ALL\"],\r\n        \"IntervalSeconds\": 5,\r\n        \"MaxAttempts\": 3,\r\n        \"BackoffRate\": 5\r\n      } ],\r\n      \"End\": true\r\n    }\r\n  }\r\n}\r\n",
            "id": "arn:aws:states:ap-southeast-2:876222238198:stateMachine:mlc-scheduled-processor-dev-workflow",
            "name": "mlc-scheduled-processor-dev-workflow",
            "role_arn": "arn:aws:iam::876222238198:role/dev_step-function",
            "status": "ACTIVE",
            "tags": {}
          },
          "private": "bnVsbA==",
          "dependencies": [
            "aws_iam_role.lambda_role",
            "aws_iam_role.step_role",
            "aws_lambda_function.workflow-extract"
          ]
        }
      ]
    }
  ]
}
